
Microsoft Visual Studio Solution File, Format Version 12.00
# Visual Studio Version 17
VisualStudioVersion = 17.4.33110.190
MinimumVisualStudioVersion = 10.0.40219.1
Project("{FAE04EC0-301F-11D3-BF4B-00C04F79EFBC}") = "WPF-PV111", "WPF-PV111\WPF-PV111.csproj", "{7F7CA9B3-A8F1-4F70-A755-D0DDC8A22668}"
EndProject
Global
	GlobalSection(SolutionConfigurationPlatforms) = preSolution
		Debug|Any CPU = Debug|Any CPU
		Release|Any CPU = Release|Any CPU
	EndGlobalSection
	GlobalSection(ProjectConfigurationPlatforms) = postSolution
		{7F7CA9B3-A8F1-4F70-A755-D0DDC8A22668}.Debug|Any CPU.ActiveCfg = Debug|Any CPU
		{7F7CA9B3-A8F1-4F70-A755-D0DDC8A22668}.Debug|Any CPU.Build.0 = Debug|Any CPU
		{7F7CA9B3-A8F1-4F70-A755-D0DDC8A22668}.Release|Any CPU.ActiveCfg = Release|Any CPU
		{7F7CA9B3-A8F1-4F70-A755-D0DDC8A22668}.Release|Any CPU.Build.0 = Release|Any CPU
	EndGlobalSection
	GlobalSection(SolutionProperties) = preSolution
		HideSolutionNode = FALSE
	EndGlobalSection
	GlobalSection(ExtensibilityGlobals) = postSolution
		SolutionGuid = {096C4FBC-3CE1-4F8D-BF76-0C3AA28E5FFE}
	EndGlobalSection
EndGlobal
